# generated by rye
# use `rye lock` or `rye sync` to update this lockfile
#
# last locked with the following flags:
#   pre: false
#   features: []
#   all-features: false
#   with-sources: false
#   generate-hashes: false
#   universal: false

-e file:.
alabaster==1.0.0
    # via sphinx
attrs==25.3.0
    # via jsonschema
    # via referencing
babel==2.17.0
    # via sphinx
certifi==2025.4.26
    # via requests
charset-normalizer==3.4.2
    # via requests
click==8.1.8
    # via sphinx-codelinks
    # via typer
comment-parser==1.2.4
    # via sphinx-codelinks
docutils==0.21.2
    # via sphinx
    # via sphinx-codelinks
gitignore-parser==0.1.12
    # via sphinx-codelinks
giturlparse==0.12.0
    # via sphinx-codelinks
idna==3.10
    # via requests
imagesize==1.4.1
    # via sphinx
jinja2==3.1.6
    # via sphinx
    # via sphinx-codelinks
jsonschema==4.24.0
    # via sphinx-codelinks
    # via sphinx-needs
jsonschema-specifications==2025.4.1
    # via jsonschema
markdown-it-py==3.0.0
    # via rich
markupsafe==3.0.2
    # via jinja2
mdurl==0.1.2
    # via markdown-it-py
packaging==25.0
    # via sphinx
pygments==2.19.1
    # via rich
    # via sphinx
    # via sphinx-codelinks
python-magic==0.4.24
    # via comment-parser
referencing==0.36.2
    # via jsonschema
    # via jsonschema-specifications
requests==2.32.4
    # via requests-file
    # via sphinx
    # via sphinx-needs
requests-file==2.1.0
    # via sphinx-needs
rich==14.0.0
    # via typer
roman-numerals-py==3.1.0
    # via sphinx
rpds-py==0.25.1
    # via jsonschema
    # via referencing
shellingham==1.5.4
    # via typer
snowballstemmer==3.0.1
    # via sphinx
sphinx==8.2.3
    # via sphinx-codelinks
    # via sphinx-data-viewer
    # via sphinx-needs
    # via sphinxcontrib-jquery
sphinx-data-viewer==0.1.5
    # via sphinx-needs
sphinx-needs==5.1.0
    # via sphinx-codelinks
sphinxcontrib-applehelp==2.0.0
    # via sphinx
sphinxcontrib-devhelp==2.0.0
    # via sphinx
sphinxcontrib-htmlhelp==2.1.0
    # via sphinx
sphinxcontrib-jquery==4.1
    # via sphinx-needs
sphinxcontrib-jsmath==1.0.1
    # via sphinx
sphinxcontrib-qthelp==2.0.0
    # via sphinx
sphinxcontrib-serializinghtml==2.0.0
    # via sphinx
tree-sitter==0.25.1
    # via sphinx-codelinks
tree-sitter-c-sharp==0.23.1
    # via sphinx-codelinks
tree-sitter-cpp==0.23.4
    # via sphinx-codelinks
tree-sitter-python==0.23.6
    # via sphinx-codelinks
tree-sitter-yaml==0.7.1
    # via sphinx-codelinks
typer==0.16.0
    # via sphinx-codelinks
typing-extensions==4.14.0
    # via referencing
    # via typer
urllib3==2.4.0
    # via requests
